
Microsoft Visual Studio Solution File, Format Version 12.00
# Visual Studio Version 17
VisualStudioVersion = 17.2.32630.192
MinimumVisualStudioVersion = 10.0.40219.1
Project("{FAE04EC0-301F-11D3-BF4B-00C04F79EFBC}") = "DishongGameOptions", "DishongGameOptions\DishongGameOptions.csproj", "{9103BC76-6512-4545-968C-8392885A6ADB}"
EndProject
Project("{FAE04EC0-301F-11D3-BF4B-00C04F79EFBC}") = "DishongTowerChallenge", "DishongTowerChallenge\DishongTowerChallenge.csproj", "{DE7A737C-A361-4BB9-B036-9857A486CA6A}"
EndProject
Project("{FAE04EC0-301F-11D3-BF4B-00C04F79EFBC}") = "DishongLootBags", "DishongLootBags\DishongLootBags.csproj", "{A6833CD6-09F2-4DED-9B31-E8AB4B8B4963}"
EndProject
Project("{FAE04EC0-301F-11D3-BF4B-00C04F79EFBC}") = "DishongPickupWorkstations", "DishongPickupWorkstations\DishongPickupWorkstations.csproj", "{158B5AA9-21FB-45F2-98E8-DBBB98755D45}"
EndProject
Global
	GlobalSection(SolutionConfigurationPlatforms) = preSolution
		Debug|Any CPU = Debug|Any CPU
		Release|Any CPU = Release|Any CPU
	EndGlobalSection
	GlobalSection(ProjectConfigurationPlatforms) = postSolution
		{9103BC76-6512-4545-968C-8392885A6ADB}.Debug|Any CPU.ActiveCfg = Debug|Any CPU
		{9103BC76-6512-4545-968C-8392885A6ADB}.Debug|Any CPU.Build.0 = Debug|Any CPU
		{9103BC76-6512-4545-968C-8392885A6ADB}.Release|Any CPU.ActiveCfg = Release|Any CPU
		{9103BC76-6512-4545-968C-8392885A6ADB}.Release|Any CPU.Build.0 = Release|Any CPU
		{DE7A737C-A361-4BB9-B036-9857A486CA6A}.Debug|Any CPU.ActiveCfg = Debug|Any CPU
		{DE7A737C-A361-4BB9-B036-9857A486CA6A}.Debug|Any CPU.Build.0 = Debug|Any CPU
		{DE7A737C-A361-4BB9-B036-9857A486CA6A}.Release|Any CPU.ActiveCfg = Release|Any CPU
		{DE7A737C-A361-4BB9-B036-9857A486CA6A}.Release|Any CPU.Build.0 = Release|Any CPU
		{A6833CD6-09F2-4DED-9B31-E8AB4B8B4963}.Debug|Any CPU.ActiveCfg = Debug|Any CPU
		{A6833CD6-09F2-4DED-9B31-E8AB4B8B4963}.Debug|Any CPU.Build.0 = Debug|Any CPU
		{A6833CD6-09F2-4DED-9B31-E8AB4B8B4963}.Release|Any CPU.ActiveCfg = Release|Any CPU
		{A6833CD6-09F2-4DED-9B31-E8AB4B8B4963}.Release|Any CPU.Build.0 = Release|Any CPU
		{158B5AA9-21FB-45F2-98E8-DBBB98755D45}.Debug|Any CPU.ActiveCfg = Debug|Any CPU
		{158B5AA9-21FB-45F2-98E8-DBBB98755D45}.Debug|Any CPU.Build.0 = Debug|Any CPU
		{158B5AA9-21FB-45F2-98E8-DBBB98755D45}.Release|Any CPU.ActiveCfg = Release|Any CPU
		{158B5AA9-21FB-45F2-98E8-DBBB98755D45}.Release|Any CPU.Build.0 = Release|Any CPU
	EndGlobalSection
	GlobalSection(SolutionProperties) = preSolution
		HideSolutionNode = FALSE
	EndGlobalSection
	GlobalSection(ExtensibilityGlobals) = postSolution
		SolutionGuid = {8D86C18B-1D9D-4EAB-B593-7A32FF3F0846}
	EndGlobalSection
EndGlobal
